// !$*UTF8*$!
{
	archiveVersion = 1;
	classes = {
	};
	objectVersion = 50;
	objects = {

/* Begin PBXBuildFile section */
		365D0FE22222EC3F0091EA38 /* AppDelegate.swift in Sources */ = {isa = PBXBuildFile; fileRef = 365D0FE12222EC3F0091EA38 /* AppDelegate.swift */; };
		365D0FE42222EC3F0091EA38 /* ViewController.swift in Sources */ = {isa = PBXBuildFile; fileRef = 365D0FE32222EC3F0091EA38 /* ViewController.swift */; };
		365D0FE62222EC400091EA38 /* Assets.xcassets in Resources */ = {isa = PBXBuildFile; fileRef = 365D0FE52222EC400091EA38 /* Assets.xcassets */; };
		365D0FE92222EC400091EA38 /* Main.storyboard in Resources */ = {isa = PBXBuildFile; fileRef = 365D0FE72222EC400091EA38 /* Main.storyboard */; };
		365D0FF2222348A40091EA38 /* cwbgleft.png in Resources */ = {isa = PBXBuildFile; fileRef = 365D0FF1222348A40091EA38 /* cwbgleft.png */; };
		365D0FF4222348A90091EA38 /* cwbgright.png in Resources */ = {isa = PBXBuildFile; fileRef = 365D0FF3222348A80091EA38 /* cwbgright.png */; };
		42120662179CDC01412F7620 /* Pods_CopyWrong.framework in Frameworks */ = {isa = PBXBuildFile; fileRef = 8BE33845CD50110717948C3B /* Pods_CopyWrong.framework */; };
/* End PBXBuildFile section */

/* Begin PBXFileReference section */
		04E7824D8FA62AD8A985E6A5 /* Pods-CopyWrong.debug.xcconfig */ = {isa = PBXFileReference; includeInIndex = 1; lastKnownFileType = text.xcconfig; name = "Pods-CopyWrong.debug.xcconfig"; path = "Pods/Target Support Files/Pods-CopyWrong/Pods-CopyWrong.debug.xcconfig"; sourceTree = "<group>"; };
		365D0FDE2222EC3F0091EA38 /* CopyWrong.app */ = {isa = PBXFileReference; explicitFileType = wrapper.application; includeInIndex = 0; path = CopyWrong.app; sourceTree = BUILT_PRODUCTS_DIR; };
		365D0FE12222EC3F0091EA38 /* AppDelegate.swift */ = {isa = PBXFileReference; lastKnownFileType = sourcecode.swift; path = AppDelegate.swift; sourceTree = "<group>"; };
		365D0FE32222EC3F0091EA38 /* ViewController.swift */ = {isa = PBXFileReference; lastKnownFileType = sourcecode.swift; path = ViewController.swift; sourceTree = "<group>"; };
		365D0FE52222EC400091EA38 /* Assets.xcassets */ = {isa = PBXFileReference; lastKnownFileType = folder.assetcatalog; path = Assets.xcassets; sourceTree = "<group>"; };
		365D0FE82222EC400091EA38 /* Base */ = {isa = PBXFileReference; lastKnownFileType = file.storyboard; name = Base; path = Base.lproj/Main.storyboard; sourceTree = "<group>"; };
		365D0FEA2222EC400091EA38 /* Info.plist */ = {isa = PBXFileReference; lastKnownFileType = text.plist.xml; path = Info.plist; sourceTree = "<group>"; };
		365D0FEB2222EC400091EA38 /* CopyWrong.entitlements */ = {isa = PBXFileReference; lastKnownFileType = text.plist.entitlements; path = CopyWrong.entitlements; sourceTree = "<group>"; };
		365D0FF1222348A40091EA38 /* cwbgleft.png */ = {isa = PBXFileReference; lastKnownFileType = image.png; path = cwbgleft.png; sourceTree = "<group>"; };
		365D0FF3222348A80091EA38 /* cwbgright.png */ = {isa = PBXFileReference; lastKnownFileType = image.png; path = cwbgright.png; sourceTree = "<group>"; };
		60C09E16B2DD7F06F74C6447 /* Pods-CopyWrong.release.xcconfig */ = {isa = PBXFileReference; includeInIndex = 1; lastKnownFileType = text.xcconfig; name = "Pods-CopyWrong.release.xcconfig"; path = "Pods/Target Support Files/Pods-CopyWrong/Pods-CopyWrong.release.xcconfig"; sourceTree = "<group>"; };
		8BE33845CD50110717948C3B /* Pods_CopyWrong.framework */ = {isa = PBXFileReference; explicitFileType = wrapper.framework; includeInIndex = 0; path = Pods_CopyWrong.framework; sourceTree = BUILT_PRODUCTS_DIR; };
/* End PBXFileReference section */

/* Begin PBXFrameworksBuildPhase section */
		365D0FDB2222EC3F0091EA38 /* Frameworks */ = {
			isa = PBXFrameworksBuildPhase;
			buildActionMask = 2147483647;
			files = (
				42120662179CDC01412F7620 /* Pods_CopyWrong.framework in Frameworks */,
			);
			runOnlyForDeploymentPostprocessing = 0;
		};
/* End PBXFrameworksBuildPhase section */

/* Begin PBXGroup section */
		15E9994A09AFA3771BA0CB1D /* Pods */ = {
			isa = PBXGroup;
			children = (
				04E7824D8FA62AD8A985E6A5 /* Pods-CopyWrong.debug.xcconfig */,
				60C09E16B2DD7F06F74C6447 /* Pods-CopyWrong.release.xcconfig */,
			);
			name = Pods;
			sourceTree = "<group>";
		};
		365D0FD52222EC3F0091EA38 = {
			isa = PBXGroup;
			children = (
				365D0FE02222EC3F0091EA38 /* CopyWrong */,
				365D0FDF2222EC3F0091EA38 /* Products */,
				15E9994A09AFA3771BA0CB1D /* Pods */,
				799467A2980506AEABE0997B /* Frameworks */,
			);
			sourceTree = "<group>";
		};
		365D0FDF2222EC3F0091EA38 /* Products */ = {
			isa = PBXGroup;
			children = (
				365D0FDE2222EC3F0091EA38 /* CopyWrong.app */,
			);
			name = Products;
			sourceTree = "<group>";
		};
		365D0FE02222EC3F0091EA38 /* CopyWrong */ = {
			isa = PBXGroup;
			children = (
				365D0FE12222EC3F0091EA38 /* AppDelegate.swift */,
				365D0FE32222EC3F0091EA38 /* ViewController.swift */,
				365D0FE52222EC400091EA38 /* Assets.xcassets */,
				365D0FE72222EC400091EA38 /* Main.storyboard */,
				365D0FEA2222EC400091EA38 /* Info.plist */,
				365D0FEB2222EC400091EA38 /* CopyWrong.entitlements */,
				365D0FF1222348A40091EA38 /* cwbgleft.png */,
				365D0FF3222348A80091EA38 /* cwbgright.png */,
			);
			path = CopyWrong;
			sourceTree = "<group>";
		};
		799467A2980506AEABE0997B /* Frameworks */ = {
			isa = PBXGroup;
			children = (
				8BE33845CD50110717948C3B /* Pods_CopyWrong.framework */,
			);
			name = Frameworks;
			sourceTree = "<group>";
		};
/* End PBXGroup section */

/* Begin PBXNativeTarget section */
		365D0FDD2222EC3F0091EA38 /* CopyWrong */ = {
			isa = PBXNativeTarget;
			buildConfigurationList = 365D0FEE2222EC400091EA38 /* Build configuration list for PBXNativeTarget "CopyWrong" */;
			buildPhases = (
				B44FCE033A4F54438051CB47 /* [CP] Check Pods Manifest.lock */,
				365D0FDA2222EC3F0091EA38 /* Sources */,
				365D0FDB2222EC3F0091EA38 /* Frameworks */,
				365D0FDC2222EC3F0091EA38 /* Resources */,
				1C408A47BFD4D92862E17743 /* [CP] Embed Pods Frameworks */,
			);
			buildRules = (
			);
			dependencies = (
			);
			name = CopyWrong;
			productName = CopyWrong;
			productReference = 365D0FDE2222EC3F0091EA38 /* CopyWrong.app */;
			productType = "com.apple.product-type.application";
		};
/* End PBXNativeTarget section */

/* Begin PBXProject section */
		365D0FD62222EC3F0091EA38 /* Project object */ = {
			isa = PBXProject;
			attributes = {
				LastSwiftUpdateCheck = 1010;
				LastUpgradeCheck = 1010;
				ORGANIZATIONNAME = "11 Studios";
				TargetAttributes = {
					365D0FDD2222EC3F0091EA38 = {
						CreatedOnToolsVersion = 10.1;
					};
				};
			};
			buildConfigurationList = 365D0FD92222EC3F0091EA38 /* Build configuration list for PBXProject "CopyWrong" */;
			compatibilityVersion = "Xcode 9.3";
			developmentRegion = en;
			hasScannedForEncodings = 0;
			knownRegions = (
				en,
				Base,
			);
			mainGroup = 365D0FD52222EC3F0091EA38;
			productRefGroup = 365D0FDF2222EC3F0091EA38 /* Products */;
			projectDirPath = "";
			projectRoot = "";
			targets = (
				365D0FDD2222EC3F0091EA38 /* CopyWrong */,
			);
		};
/* End PBXProject section */

/* Begin PBXResourcesBuildPhase section */
		365D0FDC2222EC3F0091EA38 /* Resources */ = {
			isa = PBXResourcesBuildPhase;
			buildActionMask = 2147483647;
			files = (
				365D0FE62222EC400091EA38 /* Assets.xcassets in Resources */,
				365D0FF4222348A90091EA38 /* cwbgright.png in Resources */,
				365D0FF2222348A40091EA38 /* cwbgleft.png in Resources */,
				365D0FE92222EC400091EA38 /* Main.storyboard in Resources */,
			);
			runOnlyForDeploymentPostprocessing = 0;
		};
/* End PBXResourcesBuildPhase section */

/* Begin PBXShellScriptBuildPhase section */
		1C408A47BFD4D92862E17743 /* [CP] Embed Pods Frameworks */ = {
			isa = PBXShellScriptBuildPhase;
			buildActionMask = 2147483647;
			files = (
			);
			inputFileListPaths = (
			);
			inputPaths = (
				"${SRCROOT}/Pods/Target Support Files/Pods-CopyWrong/Pods-CopyWrong-frameworks.sh",
				"${BUILT_PRODUCTS_DIR}/CircularProgressMac/CircularProgressMac.framework",
			);
			name = "[CP] Embed Pods Frameworks";
			outputFileListPaths = (
			);
			outputPaths = (
				"${TARGET_BUILD_DIR}/${FRAMEWORKS_FOLDER_PATH}/CircularProgressMac.framework",
			);
			runOnlyForDeploymentPostprocessing = 0;
			shellPath = /bin/sh;
			shellScript = "\"${SRCROOT}/Pods/Target Support Files/Pods-CopyWrong/Pods-CopyWrong-frameworks.sh\"\n";
			showEnvVarsInLog = 0;
		};
		B44FCE033A4F54438051CB47 /* [CP] Check Pods Manifest.lock */ = {
			isa = PBXShellScriptBuildPhase;
			buildActionMask = 2147483647;
			files = (
			);
			inputFileListPaths = (
			);
			inputPaths = (
				"${PODS_PODFILE_DIR_PATH}/Podfile.lock",
				"${PODS_ROOT}/Manifest.lock",
			);
			name = "[CP] Check Pods Manifest.lock";
			outputFileListPaths = (
			);
			outputPaths = (
				"$(DERIVED_FILE_DIR)/Pods-CopyWrong-checkManifestLockResult.txt",
			);
			runOnlyForDeploymentPostprocessing = 0;
			shellPath = /bin/sh;
			shellScript = "diff \"${PODS_PODFILE_DIR_PATH}/Podfile.lock\" \"${PODS_ROOT}/Manifest.lock\" > /dev/null\nif [ $? != 0 ] ; then\n    # print error to STDERR\n    echo \"error: The sandbox is not in sync with the Podfile.lock. Run 'pod install' or update your CocoaPods installation.\" >&2\n    exit 1\nfi\n# This output is used by Xcode 'outputs' to avoid re-running this script phase.\necho \"SUCCESS\" > \"${SCRIPT_OUTPUT_FILE_0}\"\n";
			showEnvVarsInLog = 0;
		};
/* End PBXShellScriptBuildPhase section */

/* Begin PBXSourcesBuildPhase section */
		365D0FDA2222EC3F0091EA38 /* Sources */ = {
			isa = PBXSourcesBuildPhase;
			buildActionMask = 2147483647;
			files = (
				365D0FE42222EC3F0091EA38 /* ViewController.swift in Sources */,
				365D0FE22222EC3F0091EA38 /* AppDelegate.swift in Sources */,
			);
			runOnlyForDeploymentPostprocessing = 0;
		};
/* End PBXSourcesBuildPhase section */

/* Begin PBXVariantGroup section */
		365D0FE72222EC400091EA38 /* Main.storyboard */ = {
			isa = PBXVariantGroup;
			children = (
				365D0FE82222EC400091EA38 /* Base */,
			);
			name = Main.storyboard;
			sourceTree = "<group>";
		};
/* End PBXVariantGroup section */

/* Begin XCBuildConfiguration section */
		365D0FEC2222EC400091EA38 /* Debug */ = {
			isa = XCBuildConfiguration;
			buildSettings = {
				ALWAYS_SEARCH_USER_PATHS = NO;
				CLANG_ANALYZER_NONNULL = YES;
				CLANG_ANALYZER_NUMBER_OBJECT_CONVERSION = YES_AGGRESSIVE;
				CLANG_CXX_LANGUAGE_STANDARD = "gnu++14";
				CLANG_CXX_LIBRARY = "libc++";
				CLANG_ENABLE_MODULES = YES;
				CLANG_ENABLE_OBJC_ARC = YES;
				CLANG_ENABLE_OBJC_WEAK = YES;
				CLANG_WARN_BLOCK_CAPTURE_AUTORELEASING = YES;
				CLANG_WARN_BOOL_CONVERSION = YES;
				CLANG_WARN_COMMA = YES;
				CLANG_WARN_CONSTANT_CONVERSION = YES;
				CLANG_WARN_DEPRECATED_OBJC_IMPLEMENTATIONS = YES;
				CLANG_WARN_DIRECT_OBJC_ISA_USAGE = YES_ERROR;
				CLANG_WARN_DOCUMENTATION_COMMENTS = YES;
				CLANG_WARN_EMPTY_BODY = YES;
				CLANG_WARN_ENUM_CONVERSION = YES;
				CLANG_WARN_INFINITE_RECURSION = YES;
				CLANG_WARN_INT_CONVERSION = YES;
				CLANG_WARN_NON_LITERAL_NULL_CONVERSION = YES;
				CLANG_WARN_OBJC_IMPLICIT_RETAIN_SELF = YES;
				CLANG_WARN_OBJC_LITERAL_CONVERSION = YES;
				CLANG_WARN_OBJC_ROOT_CLASS = YES_ERROR;
				CLANG_WARN_RANGE_LOOP_ANALYSIS = YES;
				CLANG_WARN_STRICT_PROTOTYPES = YES;
				CLANG_WARN_SUSPICIOUS_MOVE = YES;
				CLANG_WARN_UNGUARDED_AVAILABILITY = YES_AGGRESSIVE;
				CLANG_WARN_UNREACHABLE_CODE = YES;
				CLANG_WARN__DUPLICATE_METHOD_MATCH = YES;
				CODE_SIGN_IDENTITY = "Mac Developer";
				COPY_PHASE_STRIP = NO;
				DEBUG_INFORMATION_FORMAT = dwarf;
				ENABLE_STRICT_OBJC_MSGSEND = YES;
				ENABLE_TESTABILITY = YES;
				GCC_C_LANGUAGE_STANDARD = gnu11;
				GCC_DYNAMIC_NO_PIC = NO;
				GCC_NO_COMMON_BLOCKS = YES;
				GCC_OPTIMIZATION_LEVEL = 0;
				GCC_PREPROCESSOR_DEFINITIONS = (
					"DEBUG=1",
					"$(inherited)",
				);
				GCC_WARN_64_TO_32_BIT_CONVERSION = YES;
				GCC_WARN_ABOUT_RETURN_TYPE = YES_ERROR;
				GCC_WARN_UNDECLARED_SELECTOR = YES;
				GCC_WARN_UNINITIALIZED_AUTOS = YES_AGGRESSIVE;
				GCC_WARN_UNUSED_FUNCTION = YES;
				GCC_WARN_UNUSED_VARIABLE = YES;
				MACOSX_DEPLOYMENT_TARGET = 10.14;
				MTL_ENABLE_DEBUG_INFO = INCLUDE_SOURCE;
				MTL_FAST_MATH = YES;
				ONLY_ACTIVE_ARCH = YES;
				SDKROOT = macosx;
				SWIFT_ACTIVE_COMPILATION_CONDITIONS = DEBUG;
				SWIFT_OPTIMIZATION_LEVEL = "-Onone";
			};
			name = Debug;
		};
		365D0FED2222EC400091EA38 /* Release */ = {
			isa = XCBuildConfiguration;
			buildSettings = {
				ALWAYS_SEARCH_USER_PATHS = NO;
				CLANG_ANALYZER_NONNULL = YES;
				CLANG_ANALYZER_NUMBER_OBJECT_CONVERSION = YES_AGGRESSIVE;
				CLANG_CXX_LANGUAGE_STANDARD = "gnu++14";
				CLANG_CXX_LIBRARY = "libc++";
				CLANG_ENABLE_MODULES = YES;
				CLANG_ENABLE_OBJC_ARC = YES;
				CLANG_ENABLE_OBJC_WEAK = YES;
				CLANG_WARN_BLOCK_CAPTURE_AUTORELEASING = YES;
				CLANG_WARN_BOOL_CONVERSION = YES;
				CLANG_WARN_COMMA = YES;
				CLANG_WARN_CONSTANT_CONVERSION = YES;
				CLANG_WARN_DEPRECATED_OBJC_IMPLEMENTATIONS = YES;
				CLANG_WARN_DIRECT_OBJC_ISA_USAGE = YES_ERROR;
				CLANG_WARN_DOCUMENTATION_COMMENTS = YES;
				CLANG_WARN_EMPTY_BODY = YES;
				CLANG_WARN_ENUM_CONVERSION = YES;
				CLANG_WARN_INFINITE_RECURSION = YES;
				CLANG_WARN_INT_CONVERSION = YES;
				CLANG_WARN_NON_LITERAL_NULL_CONVERSION = YES;
				CLANG_WARN_OBJC_IMPLICIT_RETAIN_SELF = YES;
				CLANG_WARN_OBJC_LITERAL_CONVERSION = YES;
				CLANG_WARN_OBJC_ROOT_CLASS = YES_ERROR;
				CLANG_WARN_RANGE_LOOP_ANALYSIS = YES;
				CLANG_WARN_STRICT_PROTOTYPES = YES;
				CLANG_WARN_SUSPICIOUS_MOVE = YES;
				CLANG_WARN_UNGUARDED_AVAILABILITY = YES_AGGRESSIVE;
				CLANG_WARN_UNREACHABLE_CODE = YES;
				CLANG_WARN__DUPLICATE_METHOD_MATCH = YES;
				CODE_SIGN_IDENTITY = "Mac Developer";
				COPY_PHASE_STRIP = NO;
				DEBUG_INFORMATION_FORMAT = "dwarf-with-dsym";
				ENABLE_NS_ASSERTIONS = NO;
				ENABLE_STRICT_OBJC_MSGSEND = YES;
				GCC_C_LANGUAGE_STANDARD = gnu11;
				GCC_NO_COMMON_BLOCKS = YES;
				GCC_WARN_64_TO_32_BIT_CONVERSION = YES;
				GCC_WARN_ABOUT_RETURN_TYPE = YES_ERROR;
				GCC_WARN_UNDECLARED_SELECTOR = YES;
				GCC_WARN_UNINITIALIZED_AUTOS = YES_AGGRESSIVE;
				GCC_WARN_UNUSED_FUNCTION = YES;
				GCC_WARN_UNUSED_VARIABLE = YES;
				MACOSX_DEPLOYMENT_TARGET = 10.14;
				MTL_ENABLE_DEBUG_INFO = NO;
				MTL_FAST_MATH = YES;
				SDKROOT = macosx;
				SWIFT_COMPILATION_MODE = wholemodule;
				SWIFT_OPTIMIZATION_LEVEL = "-O";
			};
			name = Release;
		};
		365D0FEF2222EC400091EA38 /* Debug */ = {
			isa = XCBuildConfiguration;
			baseConfigurationReference = 04E7824D8FA62AD8A985E6A5 /* Pods-CopyWrong.debug.xcconfig */;
			buildSettings = {
				ASSETCATALOG_COMPILER_APPICON_NAME = AppIcon;
				CODE_SIGN_ENTITLEMENTS = CopyWrong/CopyWrong.entitlements;
				CODE_SIGN_IDENTITY = "Mac Developer";
				CODE_SIGN_STYLE = Automatic;
				COMBINE_HIDPI_IMAGES = YES;
				DEVELOPMENT_TEAM = FB4GK6T889;
				INFOPLIST_FILE = CopyWrong/Info.plist;
				LD_RUNPATH_SEARCH_PATHS = (
					"$(inherited)",
					"@executable_path/../Frameworks",
				);
				PRODUCT_BUNDLE_IDENTIFIER = io.11studios.CopyWrong;
				PRODUCT_NAME = "$(TARGET_NAME)";
				PROVISIONING_PROFILE_SPECIFIER = "";
				SWIFT_VERSION = 4.2;
			};
			name = Debug;
		};
		365D0FF02222EC400091EA38 /* Release */ = {
			isa = XCBuildConfiguration;
			baseConfigurationReference = 60C09E16B2DD7F06F74C6447 /* Pods-CopyWrong.release.xcconfig */;
			buildSettings = {
				ASSETCATALOG_COMPILER_APPICON_NAME = AppIcon;
				CODE_SIGN_ENTITLEMENTS = CopyWrong/CopyWrong.entitlements;
				CODE_SIGN_IDENTITY = "Mac Developer";
				CODE_SIGN_STYLE = Automatic;
				COMBINE_HIDPI_IMAGES = YES;
				DEVELOPMENT_TEAM = FB4GK6T889;
				INFOPLIST_FILE = CopyWrong/Info.plist;
				LD_RUNPATH_SEARCH_PATHS = (
					"$(inherited)",
					"@executable_path/../Frameworks",
				);
				PRODUCT_BUNDLE_IDENTIFIER = io.11studios.CopyWrong;
				PRODUCT_NAME = "$(TARGET_NAME)";
				PROVISIONING_PROFILE_SPECIFIER = "";
				SWIFT_VERSION = 4.2;
			};
			name = Release;
		};
/* End XCBuildConfiguration section */

/* Begin XCConfigurationList section */
		365D0FD92222EC3F0091EA38 /* Build configuration list for PBXProject "CopyWrong" */ = {
			isa = XCConfigurationList;
			buildConfigurations = (
				365D0FEC2222EC400091EA38 /* Debug */,
				365D0FED2222EC400091EA38 /* Release */,
			);
			defaultConfigurationIsVisible = 0;
			defaultConfigurationName = Release;
		};
		365D0FEE2222EC400091EA38 /* Build configuration list for PBXNativeTarget "CopyWrong" */ = {
			isa = XCConfigurationList;
			buildConfigurations = (
				365D0FEF2222EC400091EA38 /* Debug */,
				365D0FF02222EC400091EA38 /* Release */,
			);
			defaultConfigurationIsVisible = 0;
			defaultConfigurationName = Release;
		};
/* End XCConfigurationList section */
	};
	rootObject = 365D0FD62222EC3F0091EA38 /* Project object */;
}
